// !$*UTF8*$!
{
	archiveVersion = 1;
	classes = {
	};
	objectVersion = 50;
	objects = {

/* Begin PBXBuildFile section */
		DCCA1CB51BA93A9B00FD1068 /* AppDelegate.swift in Sources */ = {isa = PBXBuildFile; fileRef = DCCA1CB41BA93A9B00FD1068 /* AppDelegate.swift */; };
		DCCA1CB71BA93A9B00FD1068 /* ViewController.swift in Sources */ = {isa = PBXBuildFile; fileRef = DCCA1CB61BA93A9B00FD1068 /* ViewController.swift */; };
		DCCA1CBA1BA93A9B00FD1068 /* Main.storyboard in Resources */ = {isa = PBXBuildFile; fileRef = DCCA1CB81BA93A9B00FD1068 /* Main.storyboard */; };
		DCCA1CBC1BA93A9B00FD1068 /* Assets.xcassets in Resources */ = {isa = PBXBuildFile; fileRef = DCCA1CBB1BA93A9B00FD1068 /* Assets.xcassets */; };
		DCCA1CBF1BA93A9B00FD1068 /* LaunchScreen.storyboard in Resources */ = {isa = PBXBuildFile; fileRef = DCCA1CBD1BA93A9B00FD1068 /* LaunchScreen.storyboard */; };
		DCCA1CC71BA940F200FD1068 /* ColorSwatchView.swift in Sources */ = {isa = PBXBuildFile; fileRef = DCCA1CC61BA940F200FD1068 /* ColorSwatchView.swift */; };
/* End PBXBuildFile section */

/* Begin PBXFileReference section */
		DCCA1CB11BA93A9B00FD1068 /* SO-31702193.app */ = {isa = PBXFileReference; explicitFileType = wrapper.application; includeInIndex = 0; path = "SO-31702193.app"; sourceTree = BUILT_PRODUCTS_DIR; };
		DCCA1CB41BA93A9B00FD1068 /* AppDelegate.swift */ = {isa = PBXFileReference; lastKnownFileType = sourcecode.swift; path = AppDelegate.swift; sourceTree = "<group>"; };
		DCCA1CB61BA93A9B00FD1068 /* ViewController.swift */ = {isa = PBXFileReference; lastKnownFileType = sourcecode.swift; path = ViewController.swift; sourceTree = "<group>"; };
		DCCA1CB91BA93A9B00FD1068 /* Base */ = {isa = PBXFileReference; lastKnownFileType = file.storyboard; name = Base; path = Base.lproj/Main.storyboard; sourceTree = "<group>"; };
		DCCA1CBB1BA93A9B00FD1068 /* Assets.xcassets */ = {isa = PBXFileReference; lastKnownFileType = folder.assetcatalog; path = Assets.xcassets; sourceTree = "<group>"; };
		DCCA1CBE1BA93A9B00FD1068 /* Base */ = {isa = PBXFileReference; lastKnownFileType = file.storyboard; name = Base; path = Base.lproj/LaunchScreen.storyboard; sourceTree = "<group>"; };
		DCCA1CC01BA93A9B00FD1068 /* Info.plist */ = {isa = PBXFileReference; lastKnownFileType = text.plist.xml; path = Info.plist; sourceTree = "<group>"; };
		DCCA1CC61BA940F200FD1068 /* ColorSwatchView.swift */ = {isa = PBXFileReference; fileEncoding = 4; lastKnownFileType = sourcecode.swift; path = ColorSwatchView.swift; sourceTree = "<group>"; };
/* End PBXFileReference section */

/* Begin PBXFrameworksBuildPhase section */
		DCCA1CAE1BA93A9B00FD1068 /* Frameworks */ = {
			isa = PBXFrameworksBuildPhase;
			buildActionMask = 2147483647;
			files = (
			);
			runOnlyForDeploymentPostprocessing = 0;
		};
/* End PBXFrameworksBuildPhase section */

/* Begin PBXGroup section */
		DCCA1CA81BA93A9B00FD1068 = {
			isa = PBXGroup;
			children = (
				DCCA1CB31BA93A9B00FD1068 /* SO-31702193 */,
				DCCA1CB21BA93A9B00FD1068 /* Products */,
			);
			sourceTree = "<group>";
		};
		DCCA1CB21BA93A9B00FD1068 /* Products */ = {
			isa = PBXGroup;
			children = (
				DCCA1CB11BA93A9B00FD1068 /* SO-31702193.app */,
			);
			name = Products;
			sourceTree = "<group>";
		};
		DCCA1CB31BA93A9B00FD1068 /* SO-31702193 */ = {
			isa = PBXGroup;
			children = (
				DCCA1CB41BA93A9B00FD1068 /* AppDelegate.swift */,
				DCCA1CB61BA93A9B00FD1068 /* ViewController.swift */,
				DCCA1CB81BA93A9B00FD1068 /* Main.storyboard */,
				DCCA1CBB1BA93A9B00FD1068 /* Assets.xcassets */,
				DCCA1CBD1BA93A9B00FD1068 /* LaunchScreen.storyboard */,
				DCCA1CC01BA93A9B00FD1068 /* Info.plist */,
				DCCA1CC61BA940F200FD1068 /* ColorSwatchView.swift */,
			);
			path = "SO-31702193";
			sourceTree = "<group>";
		};
/* End PBXGroup section */

/* Begin PBXNativeTarget section */
		DCCA1CB01BA93A9B00FD1068 /* SO-31702193 */ = {
			isa = PBXNativeTarget;
			buildConfigurationList = DCCA1CC31BA93A9B00FD1068 /* Build configuration list for PBXNativeTarget "SO-31702193" */;
			buildPhases = (
				DCCA1CAD1BA93A9B00FD1068 /* Sources */,
				DCCA1CAE1BA93A9B00FD1068 /* Frameworks */,
				DCCA1CAF1BA93A9B00FD1068 /* Resources */,
			);
			buildRules = (
			);
			dependencies = (
			);
			name = "SO-31702193";
			productName = "SO-31702193";
			productReference = DCCA1CB11BA93A9B00FD1068 /* SO-31702193.app */;
			productType = "com.apple.product-type.application";
		};
/* End PBXNativeTarget section */

/* Begin PBXProject section */
		DCCA1CA91BA93A9B00FD1068 /* Project object */ = {
			isa = PBXProject;
			attributes = {
				LastUpgradeCheck = 0940;
				ORGANIZATIONNAME = SwiftArchitect;
				TargetAttributes = {
					DCCA1CB01BA93A9B00FD1068 = {
						CreatedOnToolsVersion = 7.0;
						LastSwiftMigration = 0940;
					};
				};
			};
			buildConfigurationList = DCCA1CAC1BA93A9B00FD1068 /* Build configuration list for PBXProject "SO-31702193" */;
			compatibilityVersion = "Xcode 9.3";
			developmentRegion = English;
			hasScannedForEncodings = 0;
			knownRegions = (
				en,
				Base,
			);
			mainGroup = DCCA1CA81BA93A9B00FD1068;
			productRefGroup = DCCA1CB21BA93A9B00FD1068 /* Products */;
			projectDirPath = "";
			projectRoot = "";
			targets = (
				DCCA1CB01BA93A9B00FD1068 /* SO-31702193 */,
			);
		};
/* End PBXProject section */

/* Begin PBXResourcesBuildPhase section */
		DCCA1CAF1BA93A9B00FD1068 /* Resources */ = {
			isa = PBXResourcesBuildPhase;
			buildActionMask = 2147483647;
			files = (
				DCCA1CBF1BA93A9B00FD1068 /* LaunchScreen.storyboard in Resources */,
				DCCA1CBC1BA93A9B00FD1068 /* Assets.xcassets in Resources */,
				DCCA1CBA1BA93A9B00FD1068 /* Main.storyboard in Resources */,
			);
			runOnlyForDeploymentPostprocessing = 0;
		};
/* End PBXResourcesBuildPhase section */

/* Begin PBXSourcesBuildPhase section */
		DCCA1CAD1BA93A9B00FD1068 /* Sources */ = {
			isa = PBXSourcesBuildPhase;
			buildActionMask = 2147483647;
			files = (
				DCCA1CB71BA93A9B00FD1068 /* ViewController.swift in Sources */,
				DCCA1CB51BA93A9B00FD1068 /* AppDelegate.swift in Sources */,
				DCCA1CC71BA940F200FD1068 /* ColorSwatchView.swift in Sources */,
			);
			runOnlyForDeploymentPostprocessing = 0;
		};
/* End PBXSourcesBuildPhase section */

/* Begin PBXVariantGroup section */
		DCCA1CB81BA93A9B00FD1068 /* Main.storyboard */ = {
			isa = PBXVariantGroup;
			children = (
				DCCA1CB91BA93A9B00FD1068 /* Base */,
			);
			name = Main.storyboard;
			sourceTree = "<group>";
		};
		DCCA1CBD1BA93A9B00FD1068 /* LaunchScreen.storyboard */ = {
			isa = PBXVariantGroup;
			children = (
				DCCA1CBE1BA93A9B00FD1068 /* Base */,
			);
			name = LaunchScreen.storyboard;
			sourceTree = "<group>";
		};
/* End PBXVariantGroup section */

/* Begin XCBuildConfiguration section */
		DCCA1CC11BA93A9B00FD1068 /* Debug */ = {
			isa = XCBuildConfiguration;
			buildSettings = {
				ALWAYS_SEARCH_USER_PATHS = NO;
				CLANG_CXX_LANGUAGE_STANDARD = "gnu++0x";
				CLANG_CXX_LIBRARY = "libc++";
				CLANG_ENABLE_MODULES = YES;
				CLANG_ENABLE_OBJC_ARC = YES;
				CLANG_WARN_BLOCK_CAPTURE_AUTORELEASING = YES;
				CLANG_WARN_BOOL_CONVERSION = YES;
				CLANG_WARN_COMMA = YES;
				CLANG_WARN_CONSTANT_CONVERSION = YES;
				CLANG_WARN_DEPRECATED_OBJC_IMPLEMENTATIONS = YES;
				CLANG_WARN_DIRECT_OBJC_ISA_USAGE = YES_ERROR;
				CLANG_WARN_EMPTY_BODY = YES;
				CLANG_WARN_ENUM_CONVERSION = YES;
				CLANG_WARN_INFINITE_RECURSION = YES;
				CLANG_WARN_INT_CONVERSION = YES;
				CLANG_WARN_NON_LITERAL_NULL_CONVERSION = YES;
				CLANG_WARN_OBJC_IMPLICIT_RETAIN_SELF = YES;
				CLANG_WARN_OBJC_LITERAL_CONVERSION = YES;
				CLANG_WARN_OBJC_ROOT_CLASS = YES_ERROR;
				CLANG_WARN_RANGE_LOOP_ANALYSIS = YES;
				CLANG_WARN_STRICT_PROTOTYPES = YES;
				CLANG_WARN_SUSPICIOUS_MOVE = YES;
				CLANG_WARN_UNREACHABLE_CODE = YES;
				CLANG_WARN__DUPLICATE_METHOD_MATCH = YES;
				"CODE_SIGN_IDENTITY[sdk=iphoneos*]" = "iPhone Developer";
				COPY_PHASE_STRIP = NO;
				DEBUG_INFORMATION_FORMAT = dwarf;
				ENABLE_STRICT_OBJC_MSGSEND = YES;
				ENABLE_TESTABILITY = YES;
				GCC_C_LANGUAGE_STANDARD = gnu99;
				GCC_DYNAMIC_NO_PIC = NO;
				GCC_NO_COMMON_BLOCKS = YES;
				GCC_OPTIMIZATION_LEVEL = 0;
				GCC_PREPROCESSOR_DEFINITIONS = (
					"DEBUG=1",
					"$(inherited)",
				);
				GCC_WARN_64_TO_32_BIT_CONVERSION = YES;
				GCC_WARN_ABOUT_RETURN_TYPE = YES_ERROR;
				GCC_WARN_UNDECLARED_SELECTOR = YES;
				GCC_WARN_UNINITIALIZED_AUTOS = YES_AGGRESSIVE;
				GCC_WARN_UNUSED_FUNCTION = YES;
				GCC_WARN_UNUSED_VARIABLE = YES;
				MTL_ENABLE_DEBUG_INFO = YES;
				ONLY_ACTIVE_ARCH = YES;
				SDKROOT = iphoneos;
				SWIFT_OPTIMIZATION_LEVEL = "-Onone";
				TARGETED_DEVICE_FAMILY = "1,2";
			};
			name = Debug;
		};
		DCCA1CC21BA93A9B00FD1068 /* Release */ = {
			isa = XCBuildConfiguration;
			buildSettings = {
				ALWAYS_SEARCH_USER_PATHS = NO;
				CLANG_CXX_LANGUAGE_STANDARD = "gnu++0x";
				CLANG_CXX_LIBRARY = "libc++";
				CLANG_ENABLE_MODULES = YES;
				CLANG_ENABLE_OBJC_ARC = YES;
				CLANG_WARN_BLOCK_CAPTURE_AUTORELEASING = YES;
				CLANG_WARN_BOOL_CONVERSION = YES;
				CLANG_WARN_COMMA = YES;
				CLANG_WARN_CONSTANT_CONVERSION = YES;
				CLANG_WARN_DEPRECATED_OBJC_IMPLEMENTATIONS = YES;
				CLANG_WARN_DIRECT_OBJC_ISA_USAGE = YES_ERROR;
				CLANG_WARN_EMPTY_BODY = YES;
				CLANG_WARN_ENUM_CONVERSION = YES;
				CLANG_WARN_INFINITE_RECURSION = YES;
				CLANG_WARN_INT_CONVERSION = YES;
				CLANG_WARN_NON_LITERAL_NULL_CONVERSION = YES;
				CLANG_WARN_OBJC_IMPLICIT_RETAIN_SELF = YES;
				CLANG_WARN_OBJC_LITERAL_CONVERSION = YES;
				CLANG_WARN_OBJC_ROOT_CLASS = YES_ERROR;
				CLANG_WARN_RANGE_LOOP_ANALYSIS = YES;
				CLANG_WARN_STRICT_PROTOTYPES = YES;
				CLANG_WARN_SUSPICIOUS_MOVE = YES;
				CLANG_WARN_UNREACHABLE_CODE = YES;
				CLANG_WARN__DUPLICATE_METHOD_MATCH = YES;
				"CODE_SIGN_IDENTITY[sdk=iphoneos*]" = "iPhone Developer";
				COPY_PHASE_STRIP = NO;
				DEBUG_INFORMATION_FORMAT = "dwarf-with-dsym";
				ENABLE_NS_ASSERTIONS = NO;
				ENABLE_STRICT_OBJC_MSGSEND = YES;
				GCC_C_LANGUAGE_STANDARD = gnu99;
				GCC_NO_COMMON_BLOCKS = YES;
				GCC_WARN_64_TO_32_BIT_CONVERSION = YES;
				GCC_WARN_ABOUT_RETURN_TYPE = YES_ERROR;
				GCC_WARN_UNDECLARED_SELECTOR = YES;
				GCC_WARN_UNINITIALIZED_AUTOS = YES_AGGRESSIVE;
				GCC_WARN_UNUSED_FUNCTION = YES;
				GCC_WARN_UNUSED_VARIABLE = YES;
				MTL_ENABLE_DEBUG_INFO = NO;
				SDKROOT = iphoneos;
				SWIFT_COMPILATION_MODE = wholemodule;
				SWIFT_OPTIMIZATION_LEVEL = "-O";
				TARGETED_DEVICE_FAMILY = "1,2";
				VALIDATE_PRODUCT = YES;
			};
			name = Release;
		};
		DCCA1CC41BA93A9B00FD1068 /* Debug */ = {
			isa = XCBuildConfiguration;
			buildSettings = {
				ASSETCATALOG_COMPILER_APPICON_NAME = AppIcon;
				INFOPLIST_FILE = "SO-31702193/Info.plist";
				LD_RUNPATH_SEARCH_PATHS = (
					"$(inherited)",
					"@executable_path/Frameworks",
				);
				PRODUCT_BUNDLE_IDENTIFIER = "com.swiftarchitect.SO-31702193";
				PRODUCT_NAME = "$(TARGET_NAME)";
				SWIFT_SWIFT3_OBJC_INFERENCE = Default;
				SWIFT_VERSION = 4.0;
			};
			name = Debug;
		};
		DCCA1CC51BA93A9B00FD1068 /* Release */ = {
			isa = XCBuildConfiguration;
			buildSettings = {
				ASSETCATALOG_COMPILER_APPICON_NAME = AppIcon;
				INFOPLIST_FILE = "SO-31702193/Info.plist";
				LD_RUNPATH_SEARCH_PATHS = (
					"$(inherited)",
					"@executable_path/Frameworks",
				);
				PRODUCT_BUNDLE_IDENTIFIER = "com.swiftarchitect.SO-31702193";
				PRODUCT_NAME = "$(TARGET_NAME)";
				SWIFT_SWIFT3_OBJC_INFERENCE = Default;
				SWIFT_VERSION = 4.0;
			};
			name = Release;
		};
/* End XCBuildConfiguration section */

/* Begin XCConfigurationList section */
		DCCA1CAC1BA93A9B00FD1068 /* Build configuration list for PBXProject "SO-31702193" */ = {
			isa = XCConfigurationList;
			buildConfigurations = (
				DCCA1CC11BA93A9B00FD1068 /* Debug */,
				DCCA1CC21BA93A9B00FD1068 /* Release */,
			);
			defaultConfigurationIsVisible = 0;
			defaultConfigurationName = Release;
		};
		DCCA1CC31BA93A9B00FD1068 /* Build configuration list for PBXNativeTarget "SO-31702193" */ = {
			isa = XCConfigurationList;
			buildConfigurations = (
				DCCA1CC41BA93A9B00FD1068 /* Debug */,
				DCCA1CC51BA93A9B00FD1068 /* Release */,
			);
			defaultConfigurationIsVisible = 0;
			defaultConfigurationName = Release;
		};
/* End XCConfigurationList section */
	};
	rootObject = DCCA1CA91BA93A9B00FD1068 /* Project object */;
}
